
Microsoft Visual Studio Solution File, Format Version 12.00
# Visual Studio Version 17
VisualStudioVersion = 17.7.34024.191
MinimumVisualStudioVersion = 10.0.40219.1
Project("{FAE04EC0-301F-11D3-BF4B-00C04F79EFBC}") = "StudentsDB", "StudentsDB\StudentsDB.csproj", "{50D3A0C7-DE94-496A-98F2-53D3EE37C4A5}"
EndProject
Global
	GlobalSection(SolutionConfigurationPlatforms) = preSolution
		Debug|Any CPU = Debug|Any CPU
		Release|Any CPU = Release|Any CPU
	EndGlobalSection
	GlobalSection(ProjectConfigurationPlatforms) = postSolution
		{50D3A0C7-DE94-496A-98F2-53D3EE37C4A5}.Debug|Any CPU.ActiveCfg = Debug|Any CPU
		{50D3A0C7-DE94-496A-98F2-53D3EE37C4A5}.Debug|Any CPU.Build.0 = Debug|Any CPU
		{50D3A0C7-DE94-496A-98F2-53D3EE37C4A5}.Release|Any CPU.ActiveCfg = Release|Any CPU
		{50D3A0C7-DE94-496A-98F2-53D3EE37C4A5}.Release|Any CPU.Build.0 = Release|Any CPU
	EndGlobalSection
	GlobalSection(SolutionProperties) = preSolution
		HideSolutionNode = FALSE
	EndGlobalSection
	GlobalSection(ExtensibilityGlobals) = postSolution
		SolutionGuid = {32A76F71-40CB-4993-AAFE-0E0BFF6EE438}
	EndGlobalSection
EndGlobal
